version = 1
revision = 3
requires-python = ">=3.10"
resolution-markers = [
    "python_full_version >= '3.12'",
    "python_full_version == '3.11.*'",
    "python_full_version < '3.11'",
]

[[package]]
name = "music-classifier"
version = "0.1.0"
source = { virtual = "." }
dependencies = [
    { name = "torchcodec" },
]

[package.metadata]
requires-dist = [{ name = "torchcodec", specifier = ">=0.10.0" }]

[[package]]
name = "torchcodec"
version = "0.10.0"
source = { registry = "https://pypi.org/simple" }
wheels = [
    { url = "https://files.pythonhosted.org/packages/d0/1c/549e79c0f5a7e48c1f767b648c3ea3301a8cd702f66c9cb32c86eb347d63/torchcodec-0.10.0-cp310-cp310-macosx_11_0_arm64.whl", hash = "sha256:a2ecb3e38414a9326ffca56e49a05a9f513813aa118b7f540110d09ab725d1f7", size = 3406242, upload-time = "2026-01-22T15:41:42.056Z" },
    { url = "https://files.pythonhosted.org/packages/f0/47/041180c095e4dbc0cff8e847974bf400114379c8f114aa8c3c96e9d6bd4e/torchcodec-0.10.0-cp310-cp310-manylinux_2_28_x86_64.whl", hash = "sha256:61f9b12fcd5b89d5e7e874c5feeb7c2c99821868a32f6ebbf6e8692409b2b6f7", size = 2062569, upload-time = "2026-01-22T15:41:34.99Z" },
    { url = "https://files.pythonhosted.org/packages/dc/51/b7c339cabf375789fc74b56006fe6bc5e029ededf83bc7629864cb6ed083/torchcodec-0.10.0-cp310-cp310-win_amd64.whl", hash = "sha256:a49e3ebab65e559a98af6f63371a837f69b8542059da8def30bd6e658c5e86d3", size = 2208079, upload-time = "2026-01-22T15:41:49.866Z" },
    { url = "https://files.pythonhosted.org/packages/1c/0d/51ab5cb4ba8eb60e3e39651a4d43be89a592cc193fe11feb6509509b0121/torchcodec-0.10.0-cp311-cp311-macosx_11_0_arm64.whl", hash = "sha256:3dde1ebd9677ec1587f1e45486b3d59bd3e41a0bf4fc9b3dc6880e64c421ad56", size = 3907950, upload-time = "2026-01-22T15:41:43.819Z" },
    { url = "https://files.pythonhosted.org/packages/b9/c8/618bde55c1908583290883537326174e633a383a8337226ce0c7c6d70090/torchcodec-0.10.0-cp311-cp311-manylinux_2_28_x86_64.whl", hash = "sha256:2e2be11c4468a58940572fcf5f8ed5e41187c1de214267f692e2fd5ac8731198", size = 2070483, upload-time = "2026-01-22T15:41:36.743Z" },
    { url = "https://files.pythonhosted.org/packages/74/f1/75d70391de0581069864b3c204bb7e463a2b3b32e840ff9d103688a6db94/torchcodec-0.10.0-cp311-cp311-win_amd64.whl", hash = "sha256:f51d9435d3c75c0b55f5dc64a22ce9cfb58ac19013cdd8ce572a523ef75e2b58", size = 2219702, upload-time = "2026-01-22T15:41:50.933Z" },
    { url = "https://files.pythonhosted.org/packages/52/ff/2b27797e039673156710e5a0febe87cafc203722acafa3d34db283b40cf9/torchcodec-0.10.0-cp312-cp312-macosx_11_0_arm64.whl", hash = "sha256:b35fa4061c5757f8d714187c040a90a11669de6470a644bb04e3cd335ff1c110", size = 4073213, upload-time = "2026-01-22T15:41:45.485Z" },
    { url = "https://files.pythonhosted.org/packages/29/34/ccc711b6dc581e43b8d8d227e4173a8826994ee7b68d6b3d82291f307325/torchcodec-0.10.0-cp312-cp312-manylinux_2_28_x86_64.whl", hash = "sha256:6e43184d83ccced965b31cad5bb6200c779646fee2ec153a6d784b4def40c91b", size = 2083121, upload-time = "2026-01-22T15:41:37.947Z" },
    { url = "https://files.pythonhosted.org/packages/cf/6c/9af3bd945a610d6c757d898aa4624e0f5135cc8a6992d0a1d846f1084576/torchcodec-0.10.0-cp312-cp312-win_amd64.whl", hash = "sha256:e4f022fa53d91b414b4177fe87b0afc40a806092da4595d24de4b245d6fb0fba", size = 2225338, upload-time = "2026-01-22T15:41:52.094Z" },
    { url = "https://files.pythonhosted.org/packages/d2/b6/b1041c8ccb175b08779b3e2d3e60f838bbcbfe2398d49e3673b6a66f0649/torchcodec-0.10.0-cp313-cp313-macosx_12_0_arm64.whl", hash = "sha256:be3ce7cc667effecd06da9d0d6c5e9e347c5f376b705934e7b82378a65cf6eef", size = 4043681, upload-time = "2026-01-22T15:41:47.236Z" },
    { url = "https://files.pythonhosted.org/packages/fd/85/fc44f6d702dfd344e6859a9a4d713aaaa991578eb74677a80297d9ae8a07/torchcodec-0.10.0-cp313-cp313-manylinux_2_28_x86_64.whl", hash = "sha256:71f25caf9ab89a434ae2008b1374fd98557a6864b8313b103bae53af3e6fd17f", size = 2088572, upload-time = "2026-01-22T15:41:39.203Z" },
    { url = "https://files.pythonhosted.org/packages/df/9d/b73a0f47e11b66a1d23c7d867f12f8bb41b1b5e707d7e23d8f54793e3267/torchcodec-0.10.0-cp313-cp313-win_amd64.whl", hash = "sha256:9e077146e894f373b805972da96aee42ff8bb87b1a3f3fb64d26925cd9e64184", size = 2225208, upload-time = "2026-01-22T15:41:53.233Z" },
    { url = "https://files.pythonhosted.org/packages/90/c9/4b6242e3456bae148f4086337d3e43d98c4e79c04091de3462db9f5eb67a/torchcodec-0.10.0-cp314-cp314-macosx_11_0_arm64.whl", hash = "sha256:bb882c12ca07dcf6d82833db67e6b565693a4bccfeab6696697620e43e465556", size = 3821202, upload-time = "2026-01-22T15:41:48.627Z" },
    { url = "https://files.pythonhosted.org/packages/96/a2/5fe0e62b208a367f741361881321c1b25de487318a44f870f326747585a1/torchcodec-0.10.0-cp314-cp314-manylinux_2_28_x86_64.whl", hash = "sha256:bec2b938ad4b294bd71d0b0ab4976037c740be0c80be79e67803ebed4eff270e", size = 2089647, upload-time = "2026-01-22T15:41:40.711Z" },
    { url = "https://files.pythonhosted.org/packages/93/71/0fc10230965e319552e064d66f1c8675b471d1b98c4a94c529e771b3c165/torchcodec-0.10.0-cp314-cp314-win_amd64.whl", hash = "sha256:4734eb82146516049e1070152eb3013d7b9689159ef35db7c0894d130d4e335d", size = 2226749, upload-time = "2026-01-22T15:41:54.393Z" },
]
